
Microsoft Visual Studio Solution File, Format Version 12.00
# Visual Studio Version 17
VisualStudioVersion = 17.2.32630.192
MinimumVisualStudioVersion = 10.0.40219.1
Project("{8BC9CEB8-8B4A-11D0-8D11-00A0C91BC942}") = "GEOMETRYw7s1", "GEOMETRYw7s1\GEOMETRYw7s1.vcxproj", "{D1C3A9FF-9B4A-448A-8E03-D51F0535445C}"
EndProject
Global
	GlobalSection(SolutionConfigurationPlatforms) = preSolution
		Debug|x64 = Debug|x64
		Debug|x86 = Debug|x86
		Release|x64 = Release|x64
		Release|x86 = Release|x86
	EndGlobalSection
	GlobalSection(ProjectConfigurationPlatforms) = postSolution
		{D1C3A9FF-9B4A-448A-8E03-D51F0535445C}.Debug|x64.ActiveCfg = Debug|x64
		{D1C3A9FF-9B4A-448A-8E03-D51F0535445C}.Debug|x64.Build.0 = Debug|x64
		{D1C3A9FF-9B4A-448A-8E03-D51F0535445C}.Debug|x86.ActiveCfg = Debug|Win32
		{D1C3A9FF-9B4A-448A-8E03-D51F0535445C}.Debug|x86.Build.0 = Debug|Win32
		{D1C3A9FF-9B4A-448A-8E03-D51F0535445C}.Release|x64.ActiveCfg = Release|x64
		{D1C3A9FF-9B4A-448A-8E03-D51F0535445C}.Release|x64.Build.0 = Release|x64
		{D1C3A9FF-9B4A-448A-8E03-D51F0535445C}.Release|x86.ActiveCfg = Release|Win32
		{D1C3A9FF-9B4A-448A-8E03-D51F0535445C}.Release|x86.Build.0 = Release|Win32
	EndGlobalSection
	GlobalSection(SolutionProperties) = preSolution
		HideSolutionNode = FALSE
	EndGlobalSection
	GlobalSection(ExtensibilityGlobals) = postSolution
		SolutionGuid = {9188B736-5817-46CA-8054-1106DF6D2BC6}
	EndGlobalSection
EndGlobal
